
Microsoft Visual Studio Solution File, Format Version 12.00
# Visual Studio Version 16
VisualStudioVersion = 16.0.28621.142
MinimumVisualStudioVersion = 10.0.40219.1
Project("{FAE04EC0-301F-11D3-BF4B-00C04F79EFBC}") = "ThingRandomiser", "ThingRandomiser\ThingRandomiser.csproj", "{D0405B01-5A12-4653-B778-5CBCC865A4EF}"
EndProject
Global
	GlobalSection(SolutionConfigurationPlatforms) = preSolution
		Debug|Any CPU = Debug|Any CPU
		Release|Any CPU = Release|Any CPU
	EndGlobalSection
	GlobalSection(ProjectConfigurationPlatforms) = postSolution
		{D0405B01-5A12-4653-B778-5CBCC865A4EF}.Debug|Any CPU.ActiveCfg = Debug|Any CPU
		{D0405B01-5A12-4653-B778-5CBCC865A4EF}.Debug|Any CPU.Build.0 = Debug|Any CPU
		{D0405B01-5A12-4653-B778-5CBCC865A4EF}.Release|Any CPU.ActiveCfg = Release|Any CPU
		{D0405B01-5A12-4653-B778-5CBCC865A4EF}.Release|Any CPU.Build.0 = Release|Any CPU
	EndGlobalSection
	GlobalSection(SolutionProperties) = preSolution
		HideSolutionNode = FALSE
	EndGlobalSection
	GlobalSection(ExtensibilityGlobals) = postSolution
		SolutionGuid = {5C12DF58-C0BF-4F62-B211-8C5E2ADEFF3A}
	EndGlobalSection
EndGlobal
